{
  "nodes": {
    "naersk": {
      "inputs": {
        "nixpkgs": [
          "nixpkgs"
        ]
      },
      "locked": {
        "lastModified": 1686242667,
        "narHash": "sha256-I7Kwp06WX/9E+rEND1i1wjdKQQm3XiDxYOyNK9fuJu0=",
        "owner": "icewind1991",
        "repo": "naersk",
        "rev": "6d245a3bbb2ee31ec726bb57b9a8b206302e7110",
        "type": "github"
      },
      "original": {
        "owner": "icewind1991",
        "repo": "naersk",
        "rev": "6d245a3bbb2ee31ec726bb57b9a8b206302e7110",
        "type": "github"
      }
    },
    "nixpkgs": {
      "locked": {
        "lastModified": 1686059680,
        "narHash": "sha256-sp0WlCIeVczzB0G8f8iyRg3IYW7KG31mI66z7HIZwrI=",
        "owner": "NixOS",
        "repo": "nixpkgs",
        "rev": "a558f7ac29f50c4b937fb5c102f587678ae1c9fb",
        "type": "github"
      },
      "original": {
        "id": "nixpkgs",
        "ref": "nixos-23.05",
        "type": "indirect"
      }
    },
    "root": {
      "inputs": {
        "naersk": "naersk",
        "nixpkgs": "nixpkgs",
        "rust-overlay": "rust-overlay",
        "utils": "utils"
      }
    },
    "rust-overlay": {
      "inputs": {
        "flake-utils": [
          "utils"
        ],
        "nixpkgs": [
          "nixpkgs"
        ]
      },
      "locked": {
        "lastModified": 1686191569,
        "narHash": "sha256-8ey5FOXNms9piFGTn6vJeAQmSKk+NL7GTMSoVttsNTs=",
        "owner": "oxalica",
        "repo": "rust-overlay",
        "rev": "b4b71458b92294e8f1c3a112d972e3cff8a2ab71",
        "type": "github"
      },
      "original": {
        "owner": "oxalica",
        "repo": "rust-overlay",
        "type": "github"
      }
    },
    "utils": {
      "locked": {
        "lastModified": 1667395993,
        "narHash": "sha256-nuEHfE/LcWyuSWnS8t12N1wc105Qtau+/OdUAjtQ0rA=",
        "owner": "numtide",
        "repo": "flake-utils",
        "rev": "5aed5285a952e0b949eb3ba02c12fa4fcfef535f",
        "type": "github"
      },
      "original": {
        "owner": "numtide",
        "repo": "flake-utils",
        "type": "github"
      }
    }
  },
  "root": "root",
  "version": 7
}
